
Microsoft Visual Studio Solution File, Format Version 12.00
# Visual Studio Version 17
VisualStudioVersion = 17.14.36408.4 d17.14
MinimumVisualStudioVersion = 10.0.40219.1
Project("{FAE04EC0-301F-11D3-BF4B-00C04F79EFBC}") = "MauiApp4", "MauiApp4.csproj", "{906C33FB-B5B5-4368-B301-AE647A9C536E}"
EndProject
Global
	GlobalSection(SolutionConfigurationPlatforms) = preSolution
		Debug|Any CPU = Debug|Any CPU
		Release|Any CPU = Release|Any CPU
	EndGlobalSection
	GlobalSection(ProjectConfigurationPlatforms) = postSolution
		{906C33FB-B5B5-4368-B301-AE647A9C536E}.Debug|Any CPU.ActiveCfg = Debug|Any CPU
		{906C33FB-B5B5-4368-B301-AE647A9C536E}.Debug|Any CPU.Build.0 = Debug|Any CPU
		{906C33FB-B5B5-4368-B301-AE647A9C536E}.Debug|Any CPU.Deploy.0 = Debug|Any CPU
		{906C33FB-B5B5-4368-B301-AE647A9C536E}.Release|Any CPU.ActiveCfg = Release|Any CPU
		{906C33FB-B5B5-4368-B301-AE647A9C536E}.Release|Any CPU.Build.0 = Release|Any CPU
		{906C33FB-B5B5-4368-B301-AE647A9C536E}.Release|Any CPU.Deploy.0 = Release|Any CPU
	EndGlobalSection
	GlobalSection(SolutionProperties) = preSolution
		HideSolutionNode = FALSE
	EndGlobalSection
	GlobalSection(ExtensibilityGlobals) = postSolution
		SolutionGuid = {9A7D0A23-274E-44C2-9C39-0C88D45C72E2}
	EndGlobalSection
EndGlobal
